dependencies:
- name: redis-ha
  repository: https://dandydeveloper.github.io/charts
  version: 4.26.6
- name: mongodb
  repository: oci://registry-1.docker.io/bitnamicharts
  version: 15.6.17
digest: sha256:269a494c0e29fd675f2a04f19f89ccef243a0bbe269bfabe576f61cc0ef87052
generated: "2025-08-20T18:42:40.101795755Z"
